
Microsoft Visual Studio Solution File, Format Version 12.00
# Visual Studio Version 17
VisualStudioVersion = 17.5.002.0
MinimumVisualStudioVersion = 10.0.40219.1
Project("{9A19103F-16F7-4668-BE54-9A1E7A4F7556}") = "EvolutieDelegates", "EvolutieDelegates.csproj", "{228B838B-1533-45AE-9877-C092A52A6814}"
EndProject
Global
	GlobalSection(SolutionConfigurationPlatforms) = preSolution
		Debug|Any CPU = Debug|Any CPU
		Release|Any CPU = Release|Any CPU
	EndGlobalSection
	GlobalSection(ProjectConfigurationPlatforms) = postSolution
		{228B838B-1533-45AE-9877-C092A52A6814}.Debug|Any CPU.ActiveCfg = Debug|Any CPU
		{228B838B-1533-45AE-9877-C092A52A6814}.Debug|Any CPU.Build.0 = Debug|Any CPU
		{228B838B-1533-45AE-9877-C092A52A6814}.Release|Any CPU.ActiveCfg = Release|Any CPU
		{228B838B-1533-45AE-9877-C092A52A6814}.Release|Any CPU.Build.0 = Release|Any CPU
	EndGlobalSection
	GlobalSection(SolutionProperties) = preSolution
		HideSolutionNode = FALSE
	EndGlobalSection
	GlobalSection(ExtensibilityGlobals) = postSolution
		SolutionGuid = {2B1CB48C-B58A-4C92-B7AE-F4F76E4051CC}
	EndGlobalSection
EndGlobal
